{
  "name": "vue-onsenui-cordova-iphonex",
  "version": "1.0.0",
  "lockfileVersion": 1,
  "requires": true,
  "dependencies": {
    "@onsenui/custom-elements": {
      "version": "1.0.0",
      "resolved": "https://registry.npmjs.org/@onsenui/custom-elements/-/custom-elements-1.0.0.tgz",
      "integrity": "sha512-KhYeDFhQyE6j3xxWqyu3q8KgeuaRGUwDjuHnmS1gRri+OZ6w6CUqYPn6kidZjXz+LkU2dEp/D+BWo+9Qi6nSSQ=="
    },
    "core-js": {
      "version": "2.4.1",
      "resolved": "https://registry.npmjs.org/core-js/-/core-js-2.4.1.tgz",
      "integrity": "sha1-TekR5mew6ukSTjQlS1OupvxhjT4="
    },
    "onsenui": {
      "version": "2.7.0",
      "resolved": "https://registry.npmjs.org/onsenui/-/onsenui-2.7.0.tgz",
      "integrity": "sha512-2ZUiaZl6fH1h8gL/Ra3Xh8Uekl0NAi76N/RzM9ybr4Qz/VzHdOa2UXA6dNdKGwigk/8a3SZNYy2X0oqxVLqoLA==",
      "requires": {
        "@onsenui/custom-elements": "1.0.0",
        "core-js": "2.4.1"
      }
    },
    "vue-onsenui": {
      "version": "2.3.0",
      "resolved": "https://registry.npmjs.org/vue-onsenui/-/vue-onsenui-2.3.0.tgz",
      "integrity": "sha512-3RchmemxMMwfNBFeQDkx2N00r5OJUmxqc9ZdGLWisINSyYiW6XIApX1MHimxIkTBLcWO+N1OfhrEmCBVzSQnGw=="
    }
  }
}
